
Microsoft Visual Studio Solution File, Format Version 12.00
# Visual Studio Version 16
VisualStudioVersion = 16.6.30114.105
MinimumVisualStudioVersion = 10.0.40219.1
Project("{2150E333-8FDC-42A3-9474-1A3956D46DE8}") = "src", "src", "{009EE521-6F23-4C39-900C-19FB5F47C6CF}"
EndProject
Project("{2150E333-8FDC-42A3-9474-1A3956D46DE8}") = "Services", "Services", "{8CF9F0FA-2F57-4531-85BC-6B3AADDCF289}"
EndProject
Project("{2150E333-8FDC-42A3-9474-1A3956D46DE8}") = "Building Blocks", "Building Blocks", "{FD28C990-58BA-4087-89E9-4E431806B090}"
EndProject
Project("{2150E333-8FDC-42A3-9474-1A3956D46DE8}") = "Web", "Web", "{29AFEC70-1A4B-4D12-B06E-C786FD9EBB8E}"
EndProject
Project("{2150E333-8FDC-42A3-9474-1A3956D46DE8}") = "Core", "Core", "{FCD825C8-86C4-4E81-9389-353B5E600CD0}"
EndProject
Project("{9A19103F-16F7-4668-BE54-9A1E7A4F7556}") = "NSE.Core", "src\Building Blocks\Core\NSE.Core\NSE.Core.csproj", "{D684E375-0ACB-4921-943A-1794EA134070}"
EndProject
Project("{2150E333-8FDC-42A3-9474-1A3956D46DE8}") = "Identity", "Identity", "{88092C90-623D-4694-99EA-4BD04FFC0F8E}"
EndProject
Project("{9A19103F-16F7-4668-BE54-9A1E7A4F7556}") = "NSE.Identity.API", "src\Services\Identity\NSE.Identity.API\NSE.Identity.API.csproj", "{E246A079-0868-4B45-AC0C-3E673CCD8A51}"
EndProject
Project("{2150E333-8FDC-42A3-9474-1A3956D46DE8}") = "MVC", "MVC", "{3FCD3F47-2A27-4F38-8CF9-1144DB85CE36}"
EndProject
Project("{9A19103F-16F7-4668-BE54-9A1E7A4F7556}") = "NSE.WebApp.MVC", "src\Web\MVC\NSE.WebApp.MVC\NSE.WebApp.MVC.csproj", "{72C1150D-E43E-4D5D-98D0-F7BA02519A10}"
EndProject
Global
	GlobalSection(SolutionConfigurationPlatforms) = preSolution
		Debug|Any CPU = Debug|Any CPU
		Debug|x64 = Debug|x64
		Debug|x86 = Debug|x86
		Release|Any CPU = Release|Any CPU
		Release|x64 = Release|x64
		Release|x86 = Release|x86
	EndGlobalSection
	GlobalSection(ProjectConfigurationPlatforms) = postSolution
		{D684E375-0ACB-4921-943A-1794EA134070}.Debug|Any CPU.ActiveCfg = Debug|Any CPU
		{D684E375-0ACB-4921-943A-1794EA134070}.Debug|Any CPU.Build.0 = Debug|Any CPU
		{D684E375-0ACB-4921-943A-1794EA134070}.Debug|x64.ActiveCfg = Debug|Any CPU
		{D684E375-0ACB-4921-943A-1794EA134070}.Debug|x64.Build.0 = Debug|Any CPU
		{D684E375-0ACB-4921-943A-1794EA134070}.Debug|x86.ActiveCfg = Debug|Any CPU
		{D684E375-0ACB-4921-943A-1794EA134070}.Debug|x86.Build.0 = Debug|Any CPU
		{D684E375-0ACB-4921-943A-1794EA134070}.Release|Any CPU.ActiveCfg = Release|Any CPU
		{D684E375-0ACB-4921-943A-1794EA134070}.Release|Any CPU.Build.0 = Release|Any CPU
		{D684E375-0ACB-4921-943A-1794EA134070}.Release|x64.ActiveCfg = Release|Any CPU
		{D684E375-0ACB-4921-943A-1794EA134070}.Release|x64.Build.0 = Release|Any CPU
		{D684E375-0ACB-4921-943A-1794EA134070}.Release|x86.ActiveCfg = Release|Any CPU
		{D684E375-0ACB-4921-943A-1794EA134070}.Release|x86.Build.0 = Release|Any CPU
		{E246A079-0868-4B45-AC0C-3E673CCD8A51}.Debug|Any CPU.ActiveCfg = Debug|Any CPU
		{E246A079-0868-4B45-AC0C-3E673CCD8A51}.Debug|Any CPU.Build.0 = Debug|Any CPU
		{E246A079-0868-4B45-AC0C-3E673CCD8A51}.Debug|x64.ActiveCfg = Debug|Any CPU
		{E246A079-0868-4B45-AC0C-3E673CCD8A51}.Debug|x64.Build.0 = Debug|Any CPU
		{E246A079-0868-4B45-AC0C-3E673CCD8A51}.Debug|x86.ActiveCfg = Debug|Any CPU
		{E246A079-0868-4B45-AC0C-3E673CCD8A51}.Debug|x86.Build.0 = Debug|Any CPU
		{E246A079-0868-4B45-AC0C-3E673CCD8A51}.Release|Any CPU.ActiveCfg = Release|Any CPU
		{E246A079-0868-4B45-AC0C-3E673CCD8A51}.Release|Any CPU.Build.0 = Release|Any CPU
		{E246A079-0868-4B45-AC0C-3E673CCD8A51}.Release|x64.ActiveCfg = Release|Any CPU
		{E246A079-0868-4B45-AC0C-3E673CCD8A51}.Release|x64.Build.0 = Release|Any CPU
		{E246A079-0868-4B45-AC0C-3E673CCD8A51}.Release|x86.ActiveCfg = Release|Any CPU
		{E246A079-0868-4B45-AC0C-3E673CCD8A51}.Release|x86.Build.0 = Release|Any CPU
		{72C1150D-E43E-4D5D-98D0-F7BA02519A10}.Debug|Any CPU.ActiveCfg = Debug|Any CPU
		{72C1150D-E43E-4D5D-98D0-F7BA02519A10}.Debug|Any CPU.Build.0 = Debug|Any CPU
		{72C1150D-E43E-4D5D-98D0-F7BA02519A10}.Debug|x64.ActiveCfg = Debug|Any CPU
		{72C1150D-E43E-4D5D-98D0-F7BA02519A10}.Debug|x64.Build.0 = Debug|Any CPU
		{72C1150D-E43E-4D5D-98D0-F7BA02519A10}.Debug|x86.ActiveCfg = Debug|Any CPU
		{72C1150D-E43E-4D5D-98D0-F7BA02519A10}.Debug|x86.Build.0 = Debug|Any CPU
		{72C1150D-E43E-4D5D-98D0-F7BA02519A10}.Release|Any CPU.ActiveCfg = Release|Any CPU
		{72C1150D-E43E-4D5D-98D0-F7BA02519A10}.Release|Any CPU.Build.0 = Release|Any CPU
		{72C1150D-E43E-4D5D-98D0-F7BA02519A10}.Release|x64.ActiveCfg = Release|Any CPU
		{72C1150D-E43E-4D5D-98D0-F7BA02519A10}.Release|x64.Build.0 = Release|Any CPU
		{72C1150D-E43E-4D5D-98D0-F7BA02519A10}.Release|x86.ActiveCfg = Release|Any CPU
		{72C1150D-E43E-4D5D-98D0-F7BA02519A10}.Release|x86.Build.0 = Release|Any CPU
	EndGlobalSection
	GlobalSection(SolutionProperties) = preSolution
		HideSolutionNode = FALSE
	EndGlobalSection
	GlobalSection(NestedProjects) = preSolution
		{8CF9F0FA-2F57-4531-85BC-6B3AADDCF289} = {009EE521-6F23-4C39-900C-19FB5F47C6CF}
		{FD28C990-58BA-4087-89E9-4E431806B090} = {009EE521-6F23-4C39-900C-19FB5F47C6CF}
		{29AFEC70-1A4B-4D12-B06E-C786FD9EBB8E} = {009EE521-6F23-4C39-900C-19FB5F47C6CF}
		{FCD825C8-86C4-4E81-9389-353B5E600CD0} = {FD28C990-58BA-4087-89E9-4E431806B090}
		{D684E375-0ACB-4921-943A-1794EA134070} = {FCD825C8-86C4-4E81-9389-353B5E600CD0}
		{88092C90-623D-4694-99EA-4BD04FFC0F8E} = {8CF9F0FA-2F57-4531-85BC-6B3AADDCF289}
		{E246A079-0868-4B45-AC0C-3E673CCD8A51} = {88092C90-623D-4694-99EA-4BD04FFC0F8E}
		{3FCD3F47-2A27-4F38-8CF9-1144DB85CE36} = {29AFEC70-1A4B-4D12-B06E-C786FD9EBB8E}
		{72C1150D-E43E-4D5D-98D0-F7BA02519A10} = {3FCD3F47-2A27-4F38-8CF9-1144DB85CE36}
	EndGlobalSection
	GlobalSection(ExtensibilityGlobals) = postSolution
		SolutionGuid = {D446EB44-0944-4DD5-8BB2-F7C62788595A}
	EndGlobalSection
EndGlobal
